[[package]]
name = "pyqt6"
version = "6.1.0"
description = "Python bindings for the Qt cross platform application toolkit"
category = "main"
optional = false
python-versions = ">=3.6.1"

[package.dependencies]
PyQt6-Qt6 = ">=6.1.0"
PyQt6-sip = ">=13.1,<14"

[[package]]
name = "pyqt6-qt6"
version = "6.3.0"
description = "The subset of a Qt installation needed by PyQt6."
category = "main"
optional = false
python-versions = "*"

[[package]]
name = "pyqt6-sip"
version = "13.3.1"
description = "The sip module support for PyQt6"
category = "main"
optional = false
python-versions = ">=3.7"

[metadata]
lock-version = "1.1"
python-versions = "^3.9"
content-hash = "77ef4bec4496a9df4df2a2f952b3e1f72f698ed198f1e3d7d6b80c37c67612a6"

[metadata.files]
pyqt6 = [
    {file = "PyQt6-6.1.0-cp36.cp37.cp38.cp39-abi3-macosx_10_14_intel.whl", hash = "sha256:b9c982cd26873ca74a7cf369db9634c415ab3fd6892102feea440d06f8ad46b6"},
    {file = "PyQt6-6.1.0-cp36.cp37.cp38.cp39-abi3-manylinux_2_28_x86_64.whl", hash = "sha256:52b7c390b0f02f21a3d74f345208efc52f8dd9e2d385811a4d8a8a51925a64a9"},
    {file = "PyQt6-6.1.0-cp36.cp37.cp38.cp39-none-win_amd64.whl", hash = "sha256:f29ee1a314a20a6c51601f27ed889244f156a77a2b3e1a435dc6ac587eb97904"},
    {file = "PyQt6-6.1.0.tar.gz", hash = "sha256:9b45df6c404d7297598b91378d1e3f9bdf0970553ebb53c192a9051576098f9b"},
]
pyqt6-qt6 = [
    {file = "PyQt6_Qt6-6.3.0-py3-none-macosx_10_14_x86_64.whl", hash = "sha256:e87d192d20c5789aa1271025831881dde071a357a1956c808fb5e1b4603ec832"},
    {file = "PyQt6_Qt6-6.3.0-py3-none-macosx_11_0_arm64.whl", hash = "sha256:7f94dcf6f60e3e395083d87e49f14ccc194cd45d73f301ade39bc6adfdfc765f"},
    {file = "PyQt6_Qt6-6.3.0-py3-none-manylinux_2_28_x86_64.whl", hash = "sha256:bef30ad651fa5fbc4a5d157862108c6ea270e636cc98b1eafdb93f5c7fef7eff"},
    {file = "PyQt6_Qt6-6.3.0-py3-none-win_amd64.whl", hash = "sha256:0782dc4da4933755182724290b43f52441b1b90c377ee7e6a1b625bb91c09a10"},
]
pyqt6-sip = [
    {file = "PyQt6_sip-13.3.1-cp310-cp310-macosx_10_9_universal2.whl", hash = "sha256:7c26dcba7deebb3d001079eda84be911bac55520b5e7b7113fac1859d850b566"},
    {file = "PyQt6_sip-13.3.1-cp310-cp310-manylinux1_x86_64.whl", hash = "sha256:b94dc4ecda4b6a011cdb5fdff0eae27567d30c30bc884c78394b76e02eb3df7a"},
    {file = "PyQt6_sip-13.3.1-cp310-cp310-win_amd64.whl", hash = "sha256:33c4a39e9fce8448d0abb79f80ecf35b8420ec76fa90b056173ce69a8a2ae769"},
    {file = "PyQt6_sip-13.3.1-cp37-cp37m-macosx_10_9_x86_64.whl", hash = "sha256:3bffad016f115a003f290bf8e92d2fd38d6b3c832946e7ee98aa9ecc20c431ba"},
    {file = "PyQt6_sip-13.3.1-cp37-cp37m-manylinux1_x86_64.whl", hash = "sha256:ef89555ad34ca8b8f6d2e3ccacd4edacebef781404254c2cb17ba1c60cdc57c2"},
    {file = "PyQt6_sip-13.3.1-cp37-cp37m-win_amd64.whl", hash = "sha256:10e54200c619276f4e79c615b0d2f1f612a8b4fe443c119869de62546e0f9f2f"},
    {file = "PyQt6_sip-13.3.1-cp38-cp38-macosx_10_9_x86_64.whl", hash = "sha256:98c53675a4fb2507126ff2ea3ec03872d6e59624d45e6ad95053f74002be121f"},
    {file = "PyQt6_sip-13.3.1-cp38-cp38-manylinux1_x86_64.whl", hash = "sha256:b9506e2ddb126541457db939311432a63d0affc83bf86ff902d1664c7c167db6"},
    {file = "PyQt6_sip-13.3.1-cp38-cp38-win_amd64.whl", hash = "sha256:0f4d7a0dd9c610ab0b2e7b46cfa45eeecd72a50f9d2a82a883d4fc2a0eabe216"},
    {file = "PyQt6_sip-13.3.1-cp39-cp39-macosx_10_9_x86_64.whl", hash = "sha256:45f23a3de6290ab311d827a371e82c09cd3203d57c74e8aa739280feb0960f80"},
    {file = "PyQt6_sip-13.3.1-cp39-cp39-manylinux1_x86_64.whl", hash = "sha256:f17c15665a4007cdf167eaeb133408b8e3409203303199a00068da63ea4c41a3"},
    {file = "PyQt6_sip-13.3.1-cp39-cp39-win_amd64.whl", hash = "sha256:77edc790f8bae29729103b378ccd29beba402bcdde5c584bd4aebbf8c8a75caa"},
    {file = "PyQt6_sip-13.3.1.tar.gz", hash = "sha256:d629c0e39d5ccfdae567b92ba74d92f9180b7c55535f82251f1a12a9076a9e01"},
]
