[[package]]
name = "colorama"
version = "0.4.4"
description = "Cross-platform colored terminal text."
category = "main"
optional = false
python-versions = ">=2.7, !=3.0.*, !=3.1.*, !=3.2.*, !=3.3.*, !=3.4.*"

[[package]]
name = "loguru"
version = "0.6.0"
description = "Python logging made (stupidly) simple"
category = "main"
optional = false
python-versions = ">=3.5"

[package.dependencies]
colorama = {version = ">=0.3.4", markers = "sys_platform == \"win32\""}
win32-setctime = {version = ">=1.0.0", markers = "sys_platform == \"win32\""}

[package.extras]
dev = ["colorama (>=0.3.4)", "docutils (==0.16)", "flake8 (>=3.7.7)", "tox (>=3.9.0)", "pytest (>=4.6.2)", "pytest-cov (>=2.7.1)", "black (>=19.10b0)", "isort (>=5.1.1)", "Sphinx (>=4.1.1)", "sphinx-autobuild (>=0.7.1)", "sphinx-rtd-theme (>=0.4.3)"]

[[package]]
name = "pyqt6"
version = "6.3.0"
description = "Python bindings for the Qt cross platform application toolkit"
category = "main"
optional = false
python-versions = ">=3.6.1"

[package.dependencies]
PyQt6-Qt6 = ">=6.3.0"
PyQt6-sip = ">=13.2,<14"

[[package]]
name = "pyqt6-qt6"
version = "6.3.0"
description = "The subset of a Qt installation needed by PyQt6."
category = "main"
optional = false
python-versions = "*"

[[package]]
name = "pyqt6-sip"
version = "13.3.1"
description = "The sip module support for PyQt6"
category = "main"
optional = false
python-versions = ">=3.7"

[[package]]
name = "win32-setctime"
version = "1.1.0"
description = "A small Python utility to set file creation time on Windows"
category = "main"
optional = false
python-versions = ">=3.5"

[package.extras]
dev = ["pytest (>=4.6.2)", "black (>=19.3b0)"]

[metadata]
lock-version = "1.1"
python-versions = "^3.8"
content-hash = "5f692f5ebd58b9d05689adc90217fdbab8a3cc1acf1133a7a14c6f4e5f8ed4ae"

[metadata.files]
colorama = [
    {file = "colorama-0.4.4-py2.py3-none-any.whl", hash = "sha256:9f47eda37229f68eee03b24b9748937c7dc3868f906e8ba69fbcbdd3bc5dc3e2"},
    {file = "colorama-0.4.4.tar.gz", hash = "sha256:5941b2b48a20143d2267e95b1c2a7603ce057ee39fd88e7329b0c292aa16869b"},
]
loguru = [
    {file = "loguru-0.6.0-py3-none-any.whl", hash = "sha256:4e2414d534a2ab57573365b3e6d0234dfb1d84b68b7f3b948e6fb743860a77c3"},
    {file = "loguru-0.6.0.tar.gz", hash = "sha256:066bd06758d0a513e9836fd9c6b5a75bfb3fd36841f4b996bc60b547a309d41c"},
]
pyqt6 = [
    {file = "PyQt6-6.3.0-cp37-abi3-macosx_10_14_universal2.whl", hash = "sha256:20dec18471d3e574e37411618725dc2901443a781f5c6d974b041413141f33e4"},
    {file = "PyQt6-6.3.0-cp37-abi3-manylinux1_x86_64.whl", hash = "sha256:ff4244507d1ff54fffa27cdaf4d4df90e4252fd1843ba28d2f32a4c79c3ece4e"},
    {file = "PyQt6-6.3.0-cp37-abi3-win_amd64.whl", hash = "sha256:e193f8714ff21cb13fe4a6148b963893ff9ff738676fc9c853333259b9b64425"},
    {file = "PyQt6-6.3.0.tar.gz", hash = "sha256:4fd85dcb15ea4e734b6e4e216fe9a6246779761edaf2cf7c0cce1a2303a8d31b"},
]
pyqt6-qt6 = [
    {file = "PyQt6_Qt6-6.3.0-py3-none-macosx_10_14_x86_64.whl", hash = "sha256:e87d192d20c5789aa1271025831881dde071a357a1956c808fb5e1b4603ec832"},
    {file = "PyQt6_Qt6-6.3.0-py3-none-macosx_11_0_arm64.whl", hash = "sha256:7f94dcf6f60e3e395083d87e49f14ccc194cd45d73f301ade39bc6adfdfc765f"},
    {file = "PyQt6_Qt6-6.3.0-py3-none-manylinux_2_28_x86_64.whl", hash = "sha256:bef30ad651fa5fbc4a5d157862108c6ea270e636cc98b1eafdb93f5c7fef7eff"},
    {file = "PyQt6_Qt6-6.3.0-py3-none-win_amd64.whl", hash = "sha256:0782dc4da4933755182724290b43f52441b1b90c377ee7e6a1b625bb91c09a10"},
]
pyqt6-sip = [
    {file = "PyQt6_sip-13.3.1-cp310-cp310-macosx_10_9_universal2.whl", hash = "sha256:7c26dcba7deebb3d001079eda84be911bac55520b5e7b7113fac1859d850b566"},
    {file = "PyQt6_sip-13.3.1-cp310-cp310-manylinux1_x86_64.whl", hash = "sha256:b94dc4ecda4b6a011cdb5fdff0eae27567d30c30bc884c78394b76e02eb3df7a"},
    {file = "PyQt6_sip-13.3.1-cp310-cp310-win_amd64.whl", hash = "sha256:33c4a39e9fce8448d0abb79f80ecf35b8420ec76fa90b056173ce69a8a2ae769"},
    {file = "PyQt6_sip-13.3.1-cp37-cp37m-macosx_10_9_x86_64.whl", hash = "sha256:3bffad016f115a003f290bf8e92d2fd38d6b3c832946e7ee98aa9ecc20c431ba"},
    {file = "PyQt6_sip-13.3.1-cp37-cp37m-manylinux1_x86_64.whl", hash = "sha256:ef89555ad34ca8b8f6d2e3ccacd4edacebef781404254c2cb17ba1c60cdc57c2"},
    {file = "PyQt6_sip-13.3.1-cp37-cp37m-win_amd64.whl", hash = "sha256:10e54200c619276f4e79c615b0d2f1f612a8b4fe443c119869de62546e0f9f2f"},
    {file = "PyQt6_sip-13.3.1-cp38-cp38-macosx_10_9_x86_64.whl", hash = "sha256:98c53675a4fb2507126ff2ea3ec03872d6e59624d45e6ad95053f74002be121f"},
    {file = "PyQt6_sip-13.3.1-cp38-cp38-manylinux1_x86_64.whl", hash = "sha256:b9506e2ddb126541457db939311432a63d0affc83bf86ff902d1664c7c167db6"},
    {file = "PyQt6_sip-13.3.1-cp38-cp38-win_amd64.whl", hash = "sha256:0f4d7a0dd9c610ab0b2e7b46cfa45eeecd72a50f9d2a82a883d4fc2a0eabe216"},
    {file = "PyQt6_sip-13.3.1-cp39-cp39-macosx_10_9_x86_64.whl", hash = "sha256:45f23a3de6290ab311d827a371e82c09cd3203d57c74e8aa739280feb0960f80"},
    {file = "PyQt6_sip-13.3.1-cp39-cp39-manylinux1_x86_64.whl", hash = "sha256:f17c15665a4007cdf167eaeb133408b8e3409203303199a00068da63ea4c41a3"},
    {file = "PyQt6_sip-13.3.1-cp39-cp39-win_amd64.whl", hash = "sha256:77edc790f8bae29729103b378ccd29beba402bcdde5c584bd4aebbf8c8a75caa"},
    {file = "PyQt6_sip-13.3.1.tar.gz", hash = "sha256:d629c0e39d5ccfdae567b92ba74d92f9180b7c55535f82251f1a12a9076a9e01"},
]
win32-setctime = [
    {file = "win32_setctime-1.1.0-py3-none-any.whl", hash = "sha256:231db239e959c2fe7eb1d7dc129f11172354f98361c4fa2d6d2d7e278baa8aad"},
    {file = "win32_setctime-1.1.0.tar.gz", hash = "sha256:15cf5750465118d6929ae4de4eb46e8edae9a5634350c01ba582df868e932cb2"},
]
